// !$*UTF8*$!
{
	archiveVersion = 1;
	classes = {
	};
	objectVersion = 46;
	objects = {

/* Begin PBXBuildFile section */
		236F0F6A1E5FFDD5004D0748 /* DXTopScrollView.m in Sources */ = {isa = PBXBuildFile; fileRef = 236F0F691E5FFDD5004D0748 /* DXTopScrollView.m */; };
		BD3A99B91E5E76A60089104B /* main.m in Sources */ = {isa = PBXBuildFile; fileRef = BD3A99B81E5E76A60089104B /* main.m */; };
		BD3A99BC1E5E76A60089104B /* AppDelegate.m in Sources */ = {isa = PBXBuildFile; fileRef = BD3A99BB1E5E76A60089104B /* AppDelegate.m */; };
		BD3A99BF1E5E76A60089104B /* ViewController.m in Sources */ = {isa = PBXBuildFile; fileRef = BD3A99BE1E5E76A60089104B /* ViewController.m */; };
		BD3A99C21E5E76A60089104B /* Main.storyboard in Resources */ = {isa = PBXBuildFile; fileRef = BD3A99C01E5E76A60089104B /* Main.storyboard */; };
		BD3A99C41E5E76A60089104B /* Assets.xcassets in Resources */ = {isa = PBXBuildFile; fileRef = BD3A99C31E5E76A60089104B /* Assets.xcassets */; };
		BD3A99C71E5E76A60089104B /* LaunchScreen.storyboard in Resources */ = {isa = PBXBuildFile; fileRef = BD3A99C51E5E76A60089104B /* LaunchScreen.storyboard */; };
		BD3A99D21E5E76DC0089104B /* DXBaseLayer.m in Sources */ = {isa = PBXBuildFile; fileRef = BD3A99D11E5E76DC0089104B /* DXBaseLayer.m */; };
		BD3A99D41E5E770A0089104B /* kLineForDay.json in Resources */ = {isa = PBXBuildFile; fileRef = BD3A99D31E5E770A0089104B /* kLineForDay.json */; };
		BD3A99D81E5E7A450089104B /* DXkLineModel.m in Sources */ = {isa = PBXBuildFile; fileRef = BD3A99D71E5E7A450089104B /* DXkLineModel.m */; };
		BD3A99DC1E5E7FB20089104B /* YYModel.framework in Frameworks */ = {isa = PBXBuildFile; fileRef = BD3A99DB1E5E7FB20089104B /* YYModel.framework */; };
		BD3A99E31E5E88C30089104B /* DXBasePainter.m in Sources */ = {isa = PBXBuildFile; fileRef = BD3A99E21E5E88C30089104B /* DXBasePainter.m */; };
		BD3A99E61E5E905D0089104B /* DXkLineModelConfig.m in Sources */ = {isa = PBXBuildFile; fileRef = BD3A99E51E5E905D0089104B /* DXkLineModelConfig.m */; };
		BD3A99EB1E5EAFC40089104B /* DXBorderLayer.m in Sources */ = {isa = PBXBuildFile; fileRef = BD3A99EA1E5EAFC40089104B /* DXBorderLayer.m */; };
		BD3A99EE1E5EB6010089104B /* DXKLineLayer.m in Sources */ = {isa = PBXBuildFile; fileRef = BD3A99ED1E5EB6010089104B /* DXKLineLayer.m */; };
		BD3A99F11E5EC1440089104B /* DXDashLayer.m in Sources */ = {isa = PBXBuildFile; fileRef = BD3A99F01E5EC1440089104B /* DXDashLayer.m */; };
		BD3A99F21E5EC2620089104B /* UIKit.framework in Frameworks */ = {isa = PBXBuildFile; fileRef = BD3A99E71E5E90FA0089104B /* UIKit.framework */; };
		BD3A99F31E5EC2620089104B /* UIKit.framework in Embed Frameworks */ = {isa = PBXBuildFile; fileRef = BD3A99E71E5E90FA0089104B /* UIKit.framework */; settings = {ATTRIBUTES = (CodeSignOnCopy, RemoveHeadersOnCopy, ); }; };
		BD3A99F71E5FC4670089104B /* DXVolumeLayer.m in Sources */ = {isa = PBXBuildFile; fileRef = BD3A99F61E5FC4670089104B /* DXVolumeLayer.m */; };
		BD3A99FA1E5FCE530089104B /* DXLineLayer.m in Sources */ = {isa = PBXBuildFile; fileRef = BD3A99F91E5FCE530089104B /* DXLineLayer.m */; };
		BD3A99FC1E5FFD310089104B /* timeLineForDay.json in Resources */ = {isa = PBXBuildFile; fileRef = BD3A99FB1E5FFD310089104B /* timeLineForDay.json */; };
		BD3A9A021E6023A10089104B /* DXKLinePainter.m in Sources */ = {isa = PBXBuildFile; fileRef = BD3A9A011E6023A10089104B /* DXKLinePainter.m */; };
		F8BA3AC07E2D4D31505C447E /* Pods_DXChart.framework in Frameworks */ = {isa = PBXBuildFile; fileRef = 5F1AD06B87F5252028321870 /* Pods_DXChart.framework */; };
/* End PBXBuildFile section */

/* Begin PBXCopyFilesBuildPhase section */
		BD3A99F41E5EC2630089104B /* Embed Frameworks */ = {
			isa = PBXCopyFilesBuildPhase;
			buildActionMask = 2147483647;
			dstPath = "";
			dstSubfolderSpec = 10;
			files = (
				BD3A99F31E5EC2620089104B /* UIKit.framework in Embed Frameworks */,
			);
			name = "Embed Frameworks";
			runOnlyForDeploymentPostprocessing = 0;
		};
/* End PBXCopyFilesBuildPhase section */

/* Begin PBXFileReference section */
		0A14B1ABA08F83CE135A33CF /* Pods-DXChart.debug.xcconfig */ = {isa = PBXFileReference; includeInIndex = 1; lastKnownFileType = text.xcconfig; name = "Pods-DXChart.debug.xcconfig"; path = "Pods/Target Support Files/Pods-DXChart/Pods-DXChart.debug.xcconfig"; sourceTree = "<group>"; };
		236F0F681E5FFDD5004D0748 /* DXTopScrollView.h */ = {isa = PBXFileReference; fileEncoding = 4; lastKnownFileType = sourcecode.c.h; path = DXTopScrollView.h; sourceTree = "<group>"; };
		236F0F691E5FFDD5004D0748 /* DXTopScrollView.m */ = {isa = PBXFileReference; fileEncoding = 4; lastKnownFileType = sourcecode.c.objc; path = DXTopScrollView.m; sourceTree = "<group>"; };
		5F1AD06B87F5252028321870 /* Pods_DXChart.framework */ = {isa = PBXFileReference; explicitFileType = wrapper.framework; includeInIndex = 0; path = Pods_DXChart.framework; sourceTree = BUILT_PRODUCTS_DIR; };
		BD3A99B41E5E76A60089104B /* DXChart.app */ = {isa = PBXFileReference; explicitFileType = wrapper.application; includeInIndex = 0; path = DXChart.app; sourceTree = BUILT_PRODUCTS_DIR; };
		BD3A99B81E5E76A60089104B /* main.m */ = {isa = PBXFileReference; lastKnownFileType = sourcecode.c.objc; path = main.m; sourceTree = "<group>"; };
		BD3A99BA1E5E76A60089104B /* AppDelegate.h */ = {isa = PBXFileReference; lastKnownFileType = sourcecode.c.h; path = AppDelegate.h; sourceTree = "<group>"; };
		BD3A99BB1E5E76A60089104B /* AppDelegate.m */ = {isa = PBXFileReference; lastKnownFileType = sourcecode.c.objc; path = AppDelegate.m; sourceTree = "<group>"; };
		BD3A99BD1E5E76A60089104B /* ViewController.h */ = {isa = PBXFileReference; lastKnownFileType = sourcecode.c.h; path = ViewController.h; sourceTree = "<group>"; };
		BD3A99BE1E5E76A60089104B /* ViewController.m */ = {isa = PBXFileReference; lastKnownFileType = sourcecode.c.objc; path = ViewController.m; sourceTree = "<group>"; };
		BD3A99C11E5E76A60089104B /* Base */ = {isa = PBXFileReference; lastKnownFileType = file.storyboard; name = Base; path = Base.lproj/Main.storyboard; sourceTree = "<group>"; };
		BD3A99C31E5E76A60089104B /* Assets.xcassets */ = {isa = PBXFileReference; lastKnownFileType = folder.assetcatalog; path = Assets.xcassets; sourceTree = "<group>"; };
		BD3A99C61E5E76A60089104B /* Base */ = {isa = PBXFileReference; lastKnownFileType = file.storyboard; name = Base; path = Base.lproj/LaunchScreen.storyboard; sourceTree = "<group>"; };
		BD3A99C81E5E76A60089104B /* Info.plist */ = {isa = PBXFileReference; lastKnownFileType = text.plist.xml; path = Info.plist; sourceTree = "<group>"; };
		BD3A99D01E5E76DC0089104B /* DXBaseLayer.h */ = {isa = PBXFileReference; fileEncoding = 4; lastKnownFileType = sourcecode.c.h; path = DXBaseLayer.h; sourceTree = "<group>"; };
		BD3A99D11E5E76DC0089104B /* DXBaseLayer.m */ = {isa = PBXFileReference; fileEncoding = 4; lastKnownFileType = sourcecode.c.objc; path = DXBaseLayer.m; sourceTree = "<group>"; };
		BD3A99D31E5E770A0089104B /* kLineForDay.json */ = {isa = PBXFileReference; fileEncoding = 4; lastKnownFileType = text.json; path = kLineForDay.json; sourceTree = "<group>"; };
		BD3A99D61E5E7A450089104B /* DXkLineModel.h */ = {isa = PBXFileReference; fileEncoding = 4; lastKnownFileType = sourcecode.c.h; path = DXkLineModel.h; sourceTree = "<group>"; };
		BD3A99D71E5E7A450089104B /* DXkLineModel.m */ = {isa = PBXFileReference; fileEncoding = 4; lastKnownFileType = sourcecode.c.objc; path = DXkLineModel.m; sourceTree = "<group>"; };
		BD3A99DB1E5E7FB20089104B /* YYModel.framework */ = {isa = PBXFileReference; lastKnownFileType = wrapper.framework; name = YYModel.framework; path = "../../../../Library/Developer/Xcode/DerivedData/DXChart-gputdzaoyyujnnfaezcheslspuug/Build/Products/Debug-iphonesimulator/YYModel/YYModel.framework"; sourceTree = "<group>"; };
		BD3A99E11E5E88C30089104B /* DXBasePainter.h */ = {isa = PBXFileReference; fileEncoding = 4; lastKnownFileType = sourcecode.c.h; path = DXBasePainter.h; sourceTree = "<group>"; };
		BD3A99E21E5E88C30089104B /* DXBasePainter.m */ = {isa = PBXFileReference; fileEncoding = 4; lastKnownFileType = sourcecode.c.objc; path = DXBasePainter.m; sourceTree = "<group>"; };
		BD3A99E41E5E905D0089104B /* DXkLineModelConfig.h */ = {isa = PBXFileReference; fileEncoding = 4; lastKnownFileType = sourcecode.c.h; path = DXkLineModelConfig.h; sourceTree = "<group>"; };
		BD3A99E51E5E905D0089104B /* DXkLineModelConfig.m */ = {isa = PBXFileReference; fileEncoding = 4; lastKnownFileType = sourcecode.c.objc; path = DXkLineModelConfig.m; sourceTree = "<group>"; };
		BD3A99E71E5E90FA0089104B /* UIKit.framework */ = {isa = PBXFileReference; lastKnownFileType = wrapper.framework; name = UIKit.framework; path = System/Library/Frameworks/UIKit.framework; sourceTree = SDKROOT; };
		BD3A99E91E5EAFC40089104B /* DXBorderLayer.h */ = {isa = PBXFileReference; fileEncoding = 4; lastKnownFileType = sourcecode.c.h; path = DXBorderLayer.h; sourceTree = "<group>"; };
		BD3A99EA1E5EAFC40089104B /* DXBorderLayer.m */ = {isa = PBXFileReference; fileEncoding = 4; lastKnownFileType = sourcecode.c.objc; path = DXBorderLayer.m; sourceTree = "<group>"; };
		BD3A99EC1E5EB6010089104B /* DXKLineLayer.h */ = {isa = PBXFileReference; fileEncoding = 4; lastKnownFileType = sourcecode.c.h; path = DXKLineLayer.h; sourceTree = "<group>"; };
		BD3A99ED1E5EB6010089104B /* DXKLineLayer.m */ = {isa = PBXFileReference; fileEncoding = 4; lastKnownFileType = sourcecode.c.objc; path = DXKLineLayer.m; sourceTree = "<group>"; };
		BD3A99EF1E5EC1440089104B /* DXDashLayer.h */ = {isa = PBXFileReference; fileEncoding = 4; lastKnownFileType = sourcecode.c.h; path = DXDashLayer.h; sourceTree = "<group>"; };
		BD3A99F01E5EC1440089104B /* DXDashLayer.m */ = {isa = PBXFileReference; fileEncoding = 4; lastKnownFileType = sourcecode.c.objc; path = DXDashLayer.m; sourceTree = "<group>"; };
		BD3A99F51E5FC4670089104B /* DXVolumeLayer.h */ = {isa = PBXFileReference; fileEncoding = 4; lastKnownFileType = sourcecode.c.h; path = DXVolumeLayer.h; sourceTree = "<group>"; };
		BD3A99F61E5FC4670089104B /* DXVolumeLayer.m */ = {isa = PBXFileReference; fileEncoding = 4; lastKnownFileType = sourcecode.c.objc; path = DXVolumeLayer.m; sourceTree = "<group>"; };
		BD3A99F81E5FCE530089104B /* DXLineLayer.h */ = {isa = PBXFileReference; fileEncoding = 4; lastKnownFileType = sourcecode.c.h; path = DXLineLayer.h; sourceTree = "<group>"; };
		BD3A99F91E5FCE530089104B /* DXLineLayer.m */ = {isa = PBXFileReference; fileEncoding = 4; lastKnownFileType = sourcecode.c.objc; path = DXLineLayer.m; sourceTree = "<group>"; };
		BD3A99FB1E5FFD310089104B /* timeLineForDay.json */ = {isa = PBXFileReference; fileEncoding = 4; lastKnownFileType = text.json; path = timeLineForDay.json; sourceTree = "<group>"; };
		BD3A99FF1E5FFF740089104B /* DXLayers.h */ = {isa = PBXFileReference; lastKnownFileType = sourcecode.c.h; path = DXLayers.h; sourceTree = "<group>"; };
		BD3A9A001E6023A10089104B /* DXKLinePainter.h */ = {isa = PBXFileReference; fileEncoding = 4; lastKnownFileType = sourcecode.c.h; path = DXKLinePainter.h; sourceTree = "<group>"; };
		BD3A9A011E6023A10089104B /* DXKLinePainter.m */ = {isa = PBXFileReference; fileEncoding = 4; lastKnownFileType = sourcecode.c.objc; path = DXKLinePainter.m; sourceTree = "<group>"; };
		FBD6B90E5D1431F28D17CE04 /* Pods-DXChart.release.xcconfig */ = {isa = PBXFileReference; includeInIndex = 1; lastKnownFileType = text.xcconfig; name = "Pods-DXChart.release.xcconfig"; path = "Pods/Target Support Files/Pods-DXChart/Pods-DXChart.release.xcconfig"; sourceTree = "<group>"; };
/* End PBXFileReference section */

/* Begin PBXFrameworksBuildPhase section */
		BD3A99B11E5E76A60089104B /* Frameworks */ = {
			isa = PBXFrameworksBuildPhase;
			buildActionMask = 2147483647;
			files = (
				BD3A99F21E5EC2620089104B /* UIKit.framework in Frameworks */,
				BD3A99DC1E5E7FB20089104B /* YYModel.framework in Frameworks */,
				F8BA3AC07E2D4D31505C447E /* Pods_DXChart.framework in Frameworks */,
			);
			runOnlyForDeploymentPostprocessing = 0;
		};
/* End PBXFrameworksBuildPhase section */

/* Begin PBXGroup section */
		1626EE038E5B7E596513A3D8 /* Pods */ = {
			isa = PBXGroup;
			children = (
				0A14B1ABA08F83CE135A33CF /* Pods-DXChart.debug.xcconfig */,
				FBD6B90E5D1431F28D17CE04 /* Pods-DXChart.release.xcconfig */,
			);
			name = Pods;
			sourceTree = "<group>";
		};
		236F0F671E5FFDA6004D0748 /* ScrollView */ = {
			isa = PBXGroup;
			children = (
				236F0F681E5FFDD5004D0748 /* DXTopScrollView.h */,
				236F0F691E5FFDD5004D0748 /* DXTopScrollView.m */,
			);
			name = ScrollView;
			sourceTree = "<group>";
		};
		BD3A99AB1E5E76A60089104B = {
			isa = PBXGroup;
			children = (
				BD3A99B61E5E76A60089104B /* DXChart */,
				BD3A99B51E5E76A60089104B /* Products */,
				1626EE038E5B7E596513A3D8 /* Pods */,
				CEF728F7E2C59E87FA3ED6A7 /* Frameworks */,
			);
			sourceTree = "<group>";
		};
		BD3A99B51E5E76A60089104B /* Products */ = {
			isa = PBXGroup;
			children = (
				BD3A99B41E5E76A60089104B /* DXChart.app */,
			);
			name = Products;
			sourceTree = "<group>";
		};
		BD3A99B61E5E76A60089104B /* DXChart */ = {
			isa = PBXGroup;
			children = (
				BD3A99D51E5E7A280089104B /* Model */,
				BD3A99CE1E5E76AD0089104B /* View */,
				BD3A99BA1E5E76A60089104B /* AppDelegate.h */,
				BD3A99BB1E5E76A60089104B /* AppDelegate.m */,
				BD3A99BD1E5E76A60089104B /* ViewController.h */,
				BD3A99BE1E5E76A60089104B /* ViewController.m */,
				BD3A99C01E5E76A60089104B /* Main.storyboard */,
				BD3A99C31E5E76A60089104B /* Assets.xcassets */,
				BD3A99C51E5E76A60089104B /* LaunchScreen.storyboard */,
				BD3A99C81E5E76A60089104B /* Info.plist */,
				BD3A99D31E5E770A0089104B /* kLineForDay.json */,
				BD3A99FB1E5FFD310089104B /* timeLineForDay.json */,
				BD3A99B71E5E76A60089104B /* Supporting Files */,
			);
			path = DXChart;
			sourceTree = "<group>";
		};
		BD3A99B71E5E76A60089104B /* Supporting Files */ = {
			isa = PBXGroup;
			children = (
				BD3A99C01E5E76A60089104B /* Main.storyboard */,
				BD3A99C31E5E76A60089104B /* Assets.xcassets */,
				BD3A99C51E5E76A60089104B /* LaunchScreen.storyboard */,
				BD3A99C81E5E76A60089104B /* Info.plist */,
				BD3A99D31E5E770A0089104B /* kLineForDay.json */,
				BD3A99B81E5E76A60089104B /* main.m */,
			);
			name = "Supporting Files";
			sourceTree = "<group>";
		};
		BD3A99CE1E5E76AD0089104B /* View */ = {
			isa = PBXGroup;
			children = (
				236F0F671E5FFDA6004D0748 /* ScrollView */,
				BD3A99E01E5E889D0089104B /* Painter */,
				BD3A99CF1E5E76BA0089104B /* BaseLayer */,
			);
			name = View;
			sourceTree = "<group>";
		};
		BD3A99CF1E5E76BA0089104B /* BaseLayer */ = {
			isa = PBXGroup;
			children = (
				BD3A99E91E5EAFC40089104B /* DXBorderLayer.h */,
				BD3A99EA1E5EAFC40089104B /* DXBorderLayer.m */,
				BD3A99D01E5E76DC0089104B /* DXBaseLayer.h */,
				BD3A99D11E5E76DC0089104B /* DXBaseLayer.m */,
				BD3A99F51E5FC4670089104B /* DXVolumeLayer.h */,
				BD3A99F61E5FC4670089104B /* DXVolumeLayer.m */,
				BD3A99EC1E5EB6010089104B /* DXKLineLayer.h */,
				BD3A99ED1E5EB6010089104B /* DXKLineLayer.m */,
				BD3A99EF1E5EC1440089104B /* DXDashLayer.h */,
				BD3A99F01E5EC1440089104B /* DXDashLayer.m */,
				BD3A99F81E5FCE530089104B /* DXLineLayer.h */,
				BD3A99F91E5FCE530089104B /* DXLineLayer.m */,
				BD3A99FF1E5FFF740089104B /* DXLayers.h */,
			);
			name = BaseLayer;
			sourceTree = "<group>";
		};
		BD3A99D51E5E7A280089104B /* Model */ = {
			isa = PBXGroup;
			children = (
				BD3A99D61E5E7A450089104B /* DXkLineModel.h */,
				BD3A99D71E5E7A450089104B /* DXkLineModel.m */,
				BD3A99E41E5E905D0089104B /* DXkLineModelConfig.h */,
				BD3A99E51E5E905D0089104B /* DXkLineModelConfig.m */,
			);
			name = Model;
			sourceTree = "<group>";
		};
		BD3A99E01E5E889D0089104B /* Painter */ = {
			isa = PBXGroup;
			children = (
				BD3A99E11E5E88C30089104B /* DXBasePainter.h */,
				BD3A99E21E5E88C30089104B /* DXBasePainter.m */,
				BD3A9A001E6023A10089104B /* DXKLinePainter.h */,
				BD3A9A011E6023A10089104B /* DXKLinePainter.m */,
			);
			name = Painter;
			sourceTree = "<group>";
		};
		CEF728F7E2C59E87FA3ED6A7 /* Frameworks */ = {
			isa = PBXGroup;
			children = (
				BD3A99E71E5E90FA0089104B /* UIKit.framework */,
				BD3A99DB1E5E7FB20089104B /* YYModel.framework */,
				5F1AD06B87F5252028321870 /* Pods_DXChart.framework */,
			);
			name = Frameworks;
			sourceTree = "<group>";
		};
/* End PBXGroup section */

/* Begin PBXNativeTarget section */
		BD3A99B31E5E76A60089104B /* DXChart */ = {
			isa = PBXNativeTarget;
			buildConfigurationList = BD3A99CB1E5E76A60089104B /* Build configuration list for PBXNativeTarget "DXChart" */;
			buildPhases = (
				D4456EE5AB94C2A3DA1CCBBB /* [CP] Check Pods Manifest.lock */,
				BD3A99B01E5E76A60089104B /* Sources */,
				BD3A99B11E5E76A60089104B /* Frameworks */,
				BD3A99B21E5E76A60089104B /* Resources */,
				C78DE1595EF299EB2B604011 /* [CP] Embed Pods Frameworks */,
				345B6AD94426AB3BDE64A34B /* [CP] Copy Pods Resources */,
				BD3A99F41E5EC2630089104B /* Embed Frameworks */,
			);
			buildRules = (
			);
			dependencies = (
			);
			name = DXChart;
			productName = DXChart;
			productReference = BD3A99B41E5E76A60089104B /* DXChart.app */;
			productType = "com.apple.product-type.application";
		};
/* End PBXNativeTarget section */

/* Begin PBXProject section */
		BD3A99AC1E5E76A60089104B /* Project object */ = {
			isa = PBXProject;
			attributes = {
				CLASSPREFIX = DX;
				LastUpgradeCheck = 0820;
				ORGANIZATIONNAME = caijing;
				TargetAttributes = {
					BD3A99B31E5E76A60089104B = {
						CreatedOnToolsVersion = 8.2.1;
						ProvisioningStyle = Automatic;
					};
				};
			};
			buildConfigurationList = BD3A99AF1E5E76A60089104B /* Build configuration list for PBXProject "DXChart" */;
			compatibilityVersion = "Xcode 3.2";
			developmentRegion = English;
			hasScannedForEncodings = 0;
			knownRegions = (
				en,
				Base,
			);
			mainGroup = BD3A99AB1E5E76A60089104B;
			productRefGroup = BD3A99B51E5E76A60089104B /* Products */;
			projectDirPath = "";
			projectRoot = "";
			targets = (
				BD3A99B31E5E76A60089104B /* DXChart */,
			);
		};
/* End PBXProject section */

/* Begin PBXResourcesBuildPhase section */
		BD3A99B21E5E76A60089104B /* Resources */ = {
			isa = PBXResourcesBuildPhase;
			buildActionMask = 2147483647;
			files = (
				BD3A99FC1E5FFD310089104B /* timeLineForDay.json in Resources */,
				BD3A99D41E5E770A0089104B /* kLineForDay.json in Resources */,
				BD3A99C71E5E76A60089104B /* LaunchScreen.storyboard in Resources */,
				BD3A99C41E5E76A60089104B /* Assets.xcassets in Resources */,
				BD3A99C21E5E76A60089104B /* Main.storyboard in Resources */,
			);
			runOnlyForDeploymentPostprocessing = 0;
		};
/* End PBXResourcesBuildPhase section */

/* Begin PBXShellScriptBuildPhase section */
		345B6AD94426AB3BDE64A34B /* [CP] Copy Pods Resources */ = {
			isa = PBXShellScriptBuildPhase;
			buildActionMask = 2147483647;
			files = (
			);
			inputPaths = (
			);
			name = "[CP] Copy Pods Resources";
			outputPaths = (
			);
			runOnlyForDeploymentPostprocessing = 0;
			shellPath = /bin/sh;
			shellScript = "\"${SRCROOT}/Pods/Target Support Files/Pods-DXChart/Pods-DXChart-resources.sh\"\n";
			showEnvVarsInLog = 0;
		};
		C78DE1595EF299EB2B604011 /* [CP] Embed Pods Frameworks */ = {
			isa = PBXShellScriptBuildPhase;
			buildActionMask = 2147483647;
			files = (
			);
			inputPaths = (
			);
			name = "[CP] Embed Pods Frameworks";
			outputPaths = (
			);
			runOnlyForDeploymentPostprocessing = 0;
			shellPath = /bin/sh;
			shellScript = "\"${SRCROOT}/Pods/Target Support Files/Pods-DXChart/Pods-DXChart-frameworks.sh\"\n";
			showEnvVarsInLog = 0;
		};
		D4456EE5AB94C2A3DA1CCBBB /* [CP] Check Pods Manifest.lock */ = {
			isa = PBXShellScriptBuildPhase;
			buildActionMask = 2147483647;
			files = (
			);
			inputPaths = (
			);
			name = "[CP] Check Pods Manifest.lock";
			outputPaths = (
			);
			runOnlyForDeploymentPostprocessing = 0;
			shellPath = /bin/sh;
			shellScript = "diff \"${PODS_ROOT}/../Podfile.lock\" \"${PODS_ROOT}/Manifest.lock\" > /dev/null\nif [ $? != 0 ] ; then\n    # print error to STDERR\n    echo \"error: The sandbox is not in sync with the Podfile.lock. Run 'pod install' or update your CocoaPods installation.\" >&2\n    exit 1\nfi\n";
			showEnvVarsInLog = 0;
		};
/* End PBXShellScriptBuildPhase section */

/* Begin PBXSourcesBuildPhase section */
		BD3A99B01E5E76A60089104B /* Sources */ = {
			isa = PBXSourcesBuildPhase;
			buildActionMask = 2147483647;
			files = (
				BD3A99E31E5E88C30089104B /* DXBasePainter.m in Sources */,
				BD3A99FA1E5FCE530089104B /* DXLineLayer.m in Sources */,
				236F0F6A1E5FFDD5004D0748 /* DXTopScrollView.m in Sources */,
				BD3A99EB1E5EAFC40089104B /* DXBorderLayer.m in Sources */,
				BD3A99E61E5E905D0089104B /* DXkLineModelConfig.m in Sources */,
				BD3A99D21E5E76DC0089104B /* DXBaseLayer.m in Sources */,
				BD3A9A021E6023A10089104B /* DXKLinePainter.m in Sources */,
				BD3A99D81E5E7A450089104B /* DXkLineModel.m in Sources */,
				BD3A99EE1E5EB6010089104B /* DXKLineLayer.m in Sources */,
				BD3A99BF1E5E76A60089104B /* ViewController.m in Sources */,
				BD3A99F71E5FC4670089104B /* DXVolumeLayer.m in Sources */,
				BD3A99BC1E5E76A60089104B /* AppDelegate.m in Sources */,
				BD3A99B91E5E76A60089104B /* main.m in Sources */,
				BD3A99F11E5EC1440089104B /* DXDashLayer.m in Sources */,
			);
			runOnlyForDeploymentPostprocessing = 0;
		};
/* End PBXSourcesBuildPhase section */

/* Begin PBXVariantGroup section */
		BD3A99C01E5E76A60089104B /* Main.storyboard */ = {
			isa = PBXVariantGroup;
			children = (
				BD3A99C11E5E76A60089104B /* Base */,
			);
			name = Main.storyboard;
			sourceTree = "<group>";
		};
		BD3A99C51E5E76A60089104B /* LaunchScreen.storyboard */ = {
			isa = PBXVariantGroup;
			children = (
				BD3A99C61E5E76A60089104B /* Base */,
			);
			name = LaunchScreen.storyboard;
			sourceTree = "<group>";
		};
/* End PBXVariantGroup section */

/* Begin XCBuildConfiguration section */
		BD3A99C91E5E76A60089104B /* Debug */ = {
			isa = XCBuildConfiguration;
			buildSettings = {
				ALWAYS_SEARCH_USER_PATHS = NO;
				CLANG_ANALYZER_NONNULL = YES;
				CLANG_CXX_LANGUAGE_STANDARD = "gnu++0x";
				CLANG_CXX_LIBRARY = "libc++";
				CLANG_ENABLE_MODULES = YES;
				CLANG_ENABLE_OBJC_ARC = YES;
				CLANG_WARN_BOOL_CONVERSION = YES;
				CLANG_WARN_CONSTANT_CONVERSION = YES;
				CLANG_WARN_DIRECT_OBJC_ISA_USAGE = YES_ERROR;
				CLANG_WARN_DOCUMENTATION_COMMENTS = YES;
				CLANG_WARN_EMPTY_BODY = YES;
				CLANG_WARN_ENUM_CONVERSION = YES;
				CLANG_WARN_INFINITE_RECURSION = YES;
				CLANG_WARN_INT_CONVERSION = YES;
				CLANG_WARN_OBJC_ROOT_CLASS = YES_ERROR;
				CLANG_WARN_SUSPICIOUS_MOVE = YES;
				CLANG_WARN_UNREACHABLE_CODE = YES;
				CLANG_WARN__DUPLICATE_METHOD_MATCH = YES;
				"CODE_SIGN_IDENTITY[sdk=iphoneos*]" = "iPhone Developer";
				COPY_PHASE_STRIP = NO;
				DEBUG_INFORMATION_FORMAT = dwarf;
				ENABLE_STRICT_OBJC_MSGSEND = YES;
				ENABLE_TESTABILITY = YES;
				GCC_C_LANGUAGE_STANDARD = gnu99;
				GCC_DYNAMIC_NO_PIC = NO;
				GCC_NO_COMMON_BLOCKS = YES;
				GCC_OPTIMIZATION_LEVEL = 0;
				GCC_PREPROCESSOR_DEFINITIONS = (
					"DEBUG=1",
					"$(inherited)",
				);
				GCC_WARN_64_TO_32_BIT_CONVERSION = YES;
				GCC_WARN_ABOUT_RETURN_TYPE = YES_ERROR;
				GCC_WARN_UNDECLARED_SELECTOR = YES;
				GCC_WARN_UNINITIALIZED_AUTOS = YES_AGGRESSIVE;
				GCC_WARN_UNUSED_FUNCTION = YES;
				GCC_WARN_UNUSED_VARIABLE = YES;
				IPHONEOS_DEPLOYMENT_TARGET = 10.2;
				MTL_ENABLE_DEBUG_INFO = YES;
				ONLY_ACTIVE_ARCH = YES;
				SDKROOT = iphoneos;
			};
			name = Debug;
		};
		BD3A99CA1E5E76A60089104B /* Release */ = {
			isa = XCBuildConfiguration;
			buildSettings = {
				ALWAYS_SEARCH_USER_PATHS = NO;
				CLANG_ANALYZER_NONNULL = YES;
				CLANG_CXX_LANGUAGE_STANDARD = "gnu++0x";
				CLANG_CXX_LIBRARY = "libc++";
				CLANG_ENABLE_MODULES = YES;
				CLANG_ENABLE_OBJC_ARC = YES;
				CLANG_WARN_BOOL_CONVERSION = YES;
				CLANG_WARN_CONSTANT_CONVERSION = YES;
				CLANG_WARN_DIRECT_OBJC_ISA_USAGE = YES_ERROR;
				CLANG_WARN_DOCUMENTATION_COMMENTS = YES;
				CLANG_WARN_EMPTY_BODY = YES;
				CLANG_WARN_ENUM_CONVERSION = YES;
				CLANG_WARN_INFINITE_RECURSION = YES;
				CLANG_WARN_INT_CONVERSION = YES;
				CLANG_WARN_OBJC_ROOT_CLASS = YES_ERROR;
				CLANG_WARN_SUSPICIOUS_MOVE = YES;
				CLANG_WARN_UNREACHABLE_CODE = YES;
				CLANG_WARN__DUPLICATE_METHOD_MATCH = YES;
				"CODE_SIGN_IDENTITY[sdk=iphoneos*]" = "iPhone Developer";
				COPY_PHASE_STRIP = NO;
				DEBUG_INFORMATION_FORMAT = "dwarf-with-dsym";
				ENABLE_NS_ASSERTIONS = NO;
				ENABLE_STRICT_OBJC_MSGSEND = YES;
				GCC_C_LANGUAGE_STANDARD = gnu99;
				GCC_NO_COMMON_BLOCKS = YES;
				GCC_WARN_64_TO_32_BIT_CONVERSION = YES;
				GCC_WARN_ABOUT_RETURN_TYPE = YES_ERROR;
				GCC_WARN_UNDECLARED_SELECTOR = YES;
				GCC_WARN_UNINITIALIZED_AUTOS = YES_AGGRESSIVE;
				GCC_WARN_UNUSED_FUNCTION = YES;
				GCC_WARN_UNUSED_VARIABLE = YES;
				IPHONEOS_DEPLOYMENT_TARGET = 10.2;
				MTL_ENABLE_DEBUG_INFO = NO;
				SDKROOT = iphoneos;
				VALIDATE_PRODUCT = YES;
			};
			name = Release;
		};
		BD3A99CC1E5E76A60089104B /* Debug */ = {
			isa = XCBuildConfiguration;
			baseConfigurationReference = 0A14B1ABA08F83CE135A33CF /* Pods-DXChart.debug.xcconfig */;
			buildSettings = {
				ALWAYS_SEARCH_USER_PATHS = NO;
				ASSETCATALOG_COMPILER_APPICON_NAME = AppIcon;
				HEADER_SEARCH_PATHS = "$(SRCROOT)";
				INFOPLIST_FILE = DXChart/Info.plist;
				LD_RUNPATH_SEARCH_PATHS = "$(inherited) @executable_path/Frameworks";
				PRODUCT_BUNDLE_IDENTIFIER = jing.cai.DXChart;
				PRODUCT_NAME = "$(TARGET_NAME)";
			};
			name = Debug;
		};
		BD3A99CD1E5E76A60089104B /* Release */ = {
			isa = XCBuildConfiguration;
			baseConfigurationReference = FBD6B90E5D1431F28D17CE04 /* Pods-DXChart.release.xcconfig */;
			buildSettings = {
				ALWAYS_SEARCH_USER_PATHS = NO;
				ASSETCATALOG_COMPILER_APPICON_NAME = AppIcon;
				HEADER_SEARCH_PATHS = "$(SRCROOT)";
				INFOPLIST_FILE = DXChart/Info.plist;
				LD_RUNPATH_SEARCH_PATHS = "$(inherited) @executable_path/Frameworks";
				PRODUCT_BUNDLE_IDENTIFIER = jing.cai.DXChart;
				PRODUCT_NAME = "$(TARGET_NAME)";
			};
			name = Release;
		};
/* End XCBuildConfiguration section */

/* Begin XCConfigurationList section */
		BD3A99AF1E5E76A60089104B /* Build configuration list for PBXProject "DXChart" */ = {
			isa = XCConfigurationList;
			buildConfigurations = (
				BD3A99C91E5E76A60089104B /* Debug */,
				BD3A99CA1E5E76A60089104B /* Release */,
			);
			defaultConfigurationIsVisible = 0;
			defaultConfigurationName = Release;
		};
		BD3A99CB1E5E76A60089104B /* Build configuration list for PBXNativeTarget "DXChart" */ = {
			isa = XCConfigurationList;
			buildConfigurations = (
				BD3A99CC1E5E76A60089104B /* Debug */,
				BD3A99CD1E5E76A60089104B /* Release */,
			);
			defaultConfigurationIsVisible = 0;
			defaultConfigurationName = Release;
		};
/* End XCConfigurationList section */
	};
	rootObject = BD3A99AC1E5E76A60089104B /* Project object */;
}
